{
  "originHash" : "2e2207931273b0ee1c1d9781c7ca504b088abe2c20c631c0c813a7ac07279f86",
  "pins" : [
    {
      "identity" : "grdb.swift",
      "kind" : "remoteSourceControl",
      "location" : "https://github.com/sqlcipher/GRDB.swift.git",
      "state" : {
        "revision" : "a285e4ca87ec6b3584c97b0ec25fc61fec02de60",
        "version" : "7.11.1"
      }
    },
    {
      "identity" : "sqlcipher.swift",
      "kind" : "remoteSourceControl",
      "location" : "https://github.com/sqlcipher/SQLCipher.swift.git",
      "state" : {
        "revision" : "39f212458aeb88e33bdac2200a793a3f0d55d32b",
        "version" : "4.19.0"
      }
    }
  ],
  "version" : 3
}
